
Microsoft Visual Studio Solution File, Format Version 12.00
# Visual Studio Version 17
VisualStudioVersion = 17.4.33213.308
MinimumVisualStudioVersion = 10.0.40219.1
Project("{FAE04EC0-301F-11D3-BF4B-00C04F79EFBC}") = "ConsoleApp", "ConsoleApp\ConsoleApp.csproj", "{AEE175D1-1D3E-4822-BC1C-7EA8CAEDDD55}"
EndProject
Global
	GlobalSection(SolutionConfigurationPlatforms) = preSolution
		Debug|Any CPU = Debug|Any CPU
		Release|Any CPU = Release|Any CPU
	EndGlobalSection
	GlobalSection(ProjectConfigurationPlatforms) = postSolution
		{AEE175D1-1D3E-4822-BC1C-7EA8CAEDDD55}.Debug|Any CPU.ActiveCfg = Debug|Any CPU
		{AEE175D1-1D3E-4822-BC1C-7EA8CAEDDD55}.Debug|Any CPU.Build.0 = Debug|Any CPU
		{AEE175D1-1D3E-4822-BC1C-7EA8CAEDDD55}.Release|Any CPU.ActiveCfg = Release|Any CPU
		{AEE175D1-1D3E-4822-BC1C-7EA8CAEDDD55}.Release|Any CPU.Build.0 = Release|Any CPU
	EndGlobalSection
	GlobalSection(SolutionProperties) = preSolution
		HideSolutionNode = FALSE
	EndGlobalSection
	GlobalSection(ExtensibilityGlobals) = postSolution
		SolutionGuid = {777FD297-B237-4324-B54E-B3C4CB176791}
	EndGlobalSection
EndGlobal
